// !$*UTF8*$!
{
	archiveVersion = 1;
	classes = {
	};
	objectVersion = 50;
	objects = {

/* Begin PBXBuildFile section */
		D0FAEFC7245EF62200588774 /* AppDelegate.swift in Sources */ = {isa = PBXBuildFile; fileRef = D0FAEFC6245EF62200588774 /* AppDelegate.swift */; };
		D0FAEFC9245EF62200588774 /* SceneDelegate.swift in Sources */ = {isa = PBXBuildFile; fileRef = D0FAEFC8245EF62200588774 /* SceneDelegate.swift */; };
		D0FAEFCB245EF62200588774 /* ContentView.swift in Sources */ = {isa = PBXBuildFile; fileRef = D0FAEFCA245EF62200588774 /* ContentView.swift */; };
		D0FAEFCD245EF62800588774 /* Assets.xcassets in Resources */ = {isa = PBXBuildFile; fileRef = D0FAEFCC245EF62800588774 /* Assets.xcassets */; };
		D0FAEFD0245EF62800588774 /* Preview Assets.xcassets in Resources */ = {isa = PBXBuildFile; fileRef = D0FAEFCF245EF62800588774 /* Preview Assets.xcassets */; };
		D0FAEFD3245EF62800588774 /* LaunchScreen.storyboard in Resources */ = {isa = PBXBuildFile; fileRef = D0FAEFD1245EF62800588774 /* LaunchScreen.storyboard */; };
		D0FAEFE4245EF7D800588774 /* Data.swift in Sources */ = {isa = PBXBuildFile; fileRef = D0FAEFE3245EF7D800588774 /* Data.swift */; };
		D0FAEFEB245EFA2E00588774 /* weather.json in Resources */ = {isa = PBXBuildFile; fileRef = D0FAEFE7245EFA2D00588774 /* weather.json */; };
		D0FAEFEC245EFA2E00588774 /* users.json in Resources */ = {isa = PBXBuildFile; fileRef = D0FAEFE8245EFA2E00588774 /* users.json */; };
		D0FAEFED245EFA2E00588774 /* pocket_error.json in Resources */ = {isa = PBXBuildFile; fileRef = D0FAEFE9245EFA2E00588774 /* pocket_error.json */; };
		D0FAEFEE245EFA2E00588774 /* today_in_history.json in Resources */ = {isa = PBXBuildFile; fileRef = D0FAEFEA245EFA2E00588774 /* today_in_history.json */; };
/* End PBXBuildFile section */

/* Begin PBXFileReference section */
		D0FAEFC3245EF62200588774 /* WorkWithJSONFiles.app */ = {isa = PBXFileReference; explicitFileType = wrapper.application; includeInIndex = 0; path = WorkWithJSONFiles.app; sourceTree = BUILT_PRODUCTS_DIR; };
		D0FAEFC6245EF62200588774 /* AppDelegate.swift */ = {isa = PBXFileReference; lastKnownFileType = sourcecode.swift; path = AppDelegate.swift; sourceTree = "<group>"; };
		D0FAEFC8245EF62200588774 /* SceneDelegate.swift */ = {isa = PBXFileReference; lastKnownFileType = sourcecode.swift; path = SceneDelegate.swift; sourceTree = "<group>"; };
		D0FAEFCA245EF62200588774 /* ContentView.swift */ = {isa = PBXFileReference; lastKnownFileType = sourcecode.swift; path = ContentView.swift; sourceTree = "<group>"; };
		D0FAEFCC245EF62800588774 /* Assets.xcassets */ = {isa = PBXFileReference; lastKnownFileType = folder.assetcatalog; path = Assets.xcassets; sourceTree = "<group>"; };
		D0FAEFCF245EF62800588774 /* Preview Assets.xcassets */ = {isa = PBXFileReference; lastKnownFileType = folder.assetcatalog; path = "Preview Assets.xcassets"; sourceTree = "<group>"; };
		D0FAEFD2245EF62800588774 /* Base */ = {isa = PBXFileReference; lastKnownFileType = file.storyboard; name = Base; path = Base.lproj/LaunchScreen.storyboard; sourceTree = "<group>"; };
		D0FAEFD4245EF62800588774 /* Info.plist */ = {isa = PBXFileReference; lastKnownFileType = text.plist.xml; path = Info.plist; sourceTree = "<group>"; };
		D0FAEFE3245EF7D800588774 /* Data.swift */ = {isa = PBXFileReference; lastKnownFileType = sourcecode.swift; path = Data.swift; sourceTree = "<group>"; };
		D0FAEFE7245EFA2D00588774 /* weather.json */ = {isa = PBXFileReference; fileEncoding = 4; lastKnownFileType = text.json; path = weather.json; sourceTree = "<group>"; };
		D0FAEFE8245EFA2E00588774 /* users.json */ = {isa = PBXFileReference; fileEncoding = 4; lastKnownFileType = text.json; path = users.json; sourceTree = "<group>"; };
		D0FAEFE9245EFA2E00588774 /* pocket_error.json */ = {isa = PBXFileReference; fileEncoding = 4; lastKnownFileType = text.json; path = pocket_error.json; sourceTree = "<group>"; };
		D0FAEFEA245EFA2E00588774 /* today_in_history.json */ = {isa = PBXFileReference; fileEncoding = 4; lastKnownFileType = text.json; path = today_in_history.json; sourceTree = "<group>"; };
/* End PBXFileReference section */

/* Begin PBXFrameworksBuildPhase section */
		D0FAEFC0245EF62200588774 /* Frameworks */ = {
			isa = PBXFrameworksBuildPhase;
			buildActionMask = 2147483647;
			files = (
			);
			runOnlyForDeploymentPostprocessing = 0;
		};
/* End PBXFrameworksBuildPhase section */

/* Begin PBXGroup section */
		D0FAEFBA245EF62200588774 = {
			isa = PBXGroup;
			children = (
				D0FAEFC5245EF62200588774 /* WorkWithJSONFiles */,
				D0FAEFC4245EF62200588774 /* Products */,
			);
			sourceTree = "<group>";
		};
		D0FAEFC4245EF62200588774 /* Products */ = {
			isa = PBXGroup;
			children = (
				D0FAEFC3245EF62200588774 /* WorkWithJSONFiles.app */,
			);
			name = Products;
			sourceTree = "<group>";
		};
		D0FAEFC5245EF62200588774 /* WorkWithJSONFiles */ = {
			isa = PBXGroup;
			children = (
				D0FAEFDA245EF64B00588774 /* OfflineJSONFiles */,
				D0FAEFE3245EF7D800588774 /* Data.swift */,
				D0FAEFC6245EF62200588774 /* AppDelegate.swift */,
				D0FAEFC8245EF62200588774 /* SceneDelegate.swift */,
				D0FAEFCA245EF62200588774 /* ContentView.swift */,
				D0FAEFCC245EF62800588774 /* Assets.xcassets */,
				D0FAEFD1245EF62800588774 /* LaunchScreen.storyboard */,
				D0FAEFD4245EF62800588774 /* Info.plist */,
				D0FAEFCE245EF62800588774 /* Preview Content */,
			);
			path = WorkWithJSONFiles;
			sourceTree = "<group>";
		};
		D0FAEFCE245EF62800588774 /* Preview Content */ = {
			isa = PBXGroup;
			children = (
				D0FAEFCF245EF62800588774 /* Preview Assets.xcassets */,
			);
			path = "Preview Content";
			sourceTree = "<group>";
		};
		D0FAEFDA245EF64B00588774 /* OfflineJSONFiles */ = {
			isa = PBXGroup;
			children = (
				D0FAEFE9245EFA2E00588774 /* pocket_error.json */,
				D0FAEFEA245EFA2E00588774 /* today_in_history.json */,
				D0FAEFE8245EFA2E00588774 /* users.json */,
				D0FAEFE7245EFA2D00588774 /* weather.json */,
			);
			path = OfflineJSONFiles;
			sourceTree = "<group>";
		};
/* End PBXGroup section */

/* Begin PBXNativeTarget section */
		D0FAEFC2245EF62200588774 /* WorkWithJSONFiles */ = {
			isa = PBXNativeTarget;
			buildConfigurationList = D0FAEFD7245EF62800588774 /* Build configuration list for PBXNativeTarget "WorkWithJSONFiles" */;
			buildPhases = (
				D0FAEFBF245EF62200588774 /* Sources */,
				D0FAEFC0245EF62200588774 /* Frameworks */,
				D0FAEFC1245EF62200588774 /* Resources */,
			);
			buildRules = (
			);
			dependencies = (
			);
			name = WorkWithJSONFiles;
			productName = WorkWithJSONFiles;
			productReference = D0FAEFC3245EF62200588774 /* WorkWithJSONFiles.app */;
			productType = "com.apple.product-type.application";
		};
/* End PBXNativeTarget section */

/* Begin PBXProject section */
		D0FAEFBB245EF62200588774 /* Project object */ = {
			isa = PBXProject;
			attributes = {
				LastSwiftUpdateCheck = 1120;
				LastUpgradeCheck = 1120;
				ORGANIZATIONNAME = Tom;
				TargetAttributes = {
					D0FAEFC2245EF62200588774 = {
						CreatedOnToolsVersion = 11.2.1;
					};
				};
			};
			buildConfigurationList = D0FAEFBE245EF62200588774 /* Build configuration list for PBXProject "WorkWithJSONFiles" */;
			compatibilityVersion = "Xcode 9.3";
			developmentRegion = en;
			hasScannedForEncodings = 0;
			knownRegions = (
				en,
				Base,
			);
			mainGroup = D0FAEFBA245EF62200588774;
			productRefGroup = D0FAEFC4245EF62200588774 /* Products */;
			projectDirPath = "";
			projectRoot = "";
			targets = (
				D0FAEFC2245EF62200588774 /* WorkWithJSONFiles */,
			);
		};
/* End PBXProject section */

/* Begin PBXResourcesBuildPhase section */
		D0FAEFC1245EF62200588774 /* Resources */ = {
			isa = PBXResourcesBuildPhase;
			buildActionMask = 2147483647;
			files = (
				D0FAEFED245EFA2E00588774 /* pocket_error.json in Resources */,
				D0FAEFEC245EFA2E00588774 /* users.json in Resources */,
				D0FAEFEE245EFA2E00588774 /* today_in_history.json in Resources */,
				D0FAEFEB245EFA2E00588774 /* weather.json in Resources */,
				D0FAEFD3245EF62800588774 /* LaunchScreen.storyboard in Resources */,
				D0FAEFD0245EF62800588774 /* Preview Assets.xcassets in Resources */,
				D0FAEFCD245EF62800588774 /* Assets.xcassets in Resources */,
			);
			runOnlyForDeploymentPostprocessing = 0;
		};
/* End PBXResourcesBuildPhase section */

/* Begin PBXSourcesBuildPhase section */
		D0FAEFBF245EF62200588774 /* Sources */ = {
			isa = PBXSourcesBuildPhase;
			buildActionMask = 2147483647;
			files = (
				D0FAEFC7245EF62200588774 /* AppDelegate.swift in Sources */,
				D0FAEFC9245EF62200588774 /* SceneDelegate.swift in Sources */,
				D0FAEFCB245EF62200588774 /* ContentView.swift in Sources */,
				D0FAEFE4245EF7D800588774 /* Data.swift in Sources */,
			);
			runOnlyForDeploymentPostprocessing = 0;
		};
/* End PBXSourcesBuildPhase section */

/* Begin PBXVariantGroup section */
		D0FAEFD1245EF62800588774 /* LaunchScreen.storyboard */ = {
			isa = PBXVariantGroup;
			children = (
				D0FAEFD2245EF62800588774 /* Base */,
			);
			name = LaunchScreen.storyboard;
			sourceTree = "<group>";
		};
/* End PBXVariantGroup section */

/* Begin XCBuildConfiguration section */
		D0FAEFD5245EF62800588774 /* Debug */ = {
			isa = XCBuildConfiguration;
			buildSettings = {
				ALWAYS_SEARCH_USER_PATHS = NO;
				CLANG_ANALYZER_NONNULL = YES;
				CLANG_ANALYZER_NUMBER_OBJECT_CONVERSION = YES_AGGRESSIVE;
				CLANG_CXX_LANGUAGE_STANDARD = "gnu++14";
				CLANG_CXX_LIBRARY = "libc++";
				CLANG_ENABLE_MODULES = YES;
				CLANG_ENABLE_OBJC_ARC = YES;
				CLANG_ENABLE_OBJC_WEAK = YES;
				CLANG_WARN_BLOCK_CAPTURE_AUTORELEASING = YES;
				CLANG_WARN_BOOL_CONVERSION = YES;
				CLANG_WARN_COMMA = YES;
				CLANG_WARN_CONSTANT_CONVERSION = YES;
				CLANG_WARN_DEPRECATED_OBJC_IMPLEMENTATIONS = YES;
				CLANG_WARN_DIRECT_OBJC_ISA_USAGE = YES_ERROR;
				CLANG_WARN_DOCUMENTATION_COMMENTS = YES;
				CLANG_WARN_EMPTY_BODY = YES;
				CLANG_WARN_ENUM_CONVERSION = YES;
				CLANG_WARN_INFINITE_RECURSION = YES;
				CLANG_WARN_INT_CONVERSION = YES;
				CLANG_WARN_NON_LITERAL_NULL_CONVERSION = YES;
				CLANG_WARN_OBJC_IMPLICIT_RETAIN_SELF = YES;
				CLANG_WARN_OBJC_LITERAL_CONVERSION = YES;
				CLANG_WARN_OBJC_ROOT_CLASS = YES_ERROR;
				CLANG_WARN_RANGE_LOOP_ANALYSIS = YES;
				CLANG_WARN_STRICT_PROTOTYPES = YES;
				CLANG_WARN_SUSPICIOUS_MOVE = YES;
				CLANG_WARN_UNGUARDED_AVAILABILITY = YES_AGGRESSIVE;
				CLANG_WARN_UNREACHABLE_CODE = YES;
				CLANG_WARN__DUPLICATE_METHOD_MATCH = YES;
				COPY_PHASE_STRIP = NO;
				DEBUG_INFORMATION_FORMAT = dwarf;
				ENABLE_STRICT_OBJC_MSGSEND = YES;
				ENABLE_TESTABILITY = YES;
				GCC_C_LANGUAGE_STANDARD = gnu11;
				GCC_DYNAMIC_NO_PIC = NO;
				GCC_NO_COMMON_BLOCKS = YES;
				GCC_OPTIMIZATION_LEVEL = 0;
				GCC_PREPROCESSOR_DEFINITIONS = (
					"DEBUG=1",
					"$(inherited)",
				);
				GCC_WARN_64_TO_32_BIT_CONVERSION = YES;
				GCC_WARN_ABOUT_RETURN_TYPE = YES_ERROR;
				GCC_WARN_UNDECLARED_SELECTOR = YES;
				GCC_WARN_UNINITIALIZED_AUTOS = YES_AGGRESSIVE;
				GCC_WARN_UNUSED_FUNCTION = YES;
				GCC_WARN_UNUSED_VARIABLE = YES;
				IPHONEOS_DEPLOYMENT_TARGET = 13.2;
				MTL_ENABLE_DEBUG_INFO = INCLUDE_SOURCE;
				MTL_FAST_MATH = YES;
				ONLY_ACTIVE_ARCH = YES;
				SDKROOT = iphoneos;
				SWIFT_ACTIVE_COMPILATION_CONDITIONS = DEBUG;
				SWIFT_OPTIMIZATION_LEVEL = "-Onone";
			};
			name = Debug;
		};
		D0FAEFD6245EF62800588774 /* Release */ = {
			isa = XCBuildConfiguration;
			buildSettings = {
				ALWAYS_SEARCH_USER_PATHS = NO;
				CLANG_ANALYZER_NONNULL = YES;
				CLANG_ANALYZER_NUMBER_OBJECT_CONVERSION = YES_AGGRESSIVE;
				CLANG_CXX_LANGUAGE_STANDARD = "gnu++14";
				CLANG_CXX_LIBRARY = "libc++";
				CLANG_ENABLE_MODULES = YES;
				CLANG_ENABLE_OBJC_ARC = YES;
				CLANG_ENABLE_OBJC_WEAK = YES;
				CLANG_WARN_BLOCK_CAPTURE_AUTORELEASING = YES;
				CLANG_WARN_BOOL_CONVERSION = YES;
				CLANG_WARN_COMMA = YES;
				CLANG_WARN_CONSTANT_CONVERSION = YES;
				CLANG_WARN_DEPRECATED_OBJC_IMPLEMENTATIONS = YES;
				CLANG_WARN_DIRECT_OBJC_ISA_USAGE = YES_ERROR;
				CLANG_WARN_DOCUMENTATION_COMMENTS = YES;
				CLANG_WARN_EMPTY_BODY = YES;
				CLANG_WARN_ENUM_CONVERSION = YES;
				CLANG_WARN_INFINITE_RECURSION = YES;
				CLANG_WARN_INT_CONVERSION = YES;
				CLANG_WARN_NON_LITERAL_NULL_CONVERSION = YES;
				CLANG_WARN_OBJC_IMPLICIT_RETAIN_SELF = YES;
				CLANG_WARN_OBJC_LITERAL_CONVERSION = YES;
				CLANG_WARN_OBJC_ROOT_CLASS = YES_ERROR;
				CLANG_WARN_RANGE_LOOP_ANALYSIS = YES;
				CLANG_WARN_STRICT_PROTOTYPES = YES;
				CLANG_WARN_SUSPICIOUS_MOVE = YES;
				CLANG_WARN_UNGUARDED_AVAILABILITY = YES_AGGRESSIVE;
				CLANG_WARN_UNREACHABLE_CODE = YES;
				CLANG_WARN__DUPLICATE_METHOD_MATCH = YES;
				COPY_PHASE_STRIP = NO;
				DEBUG_INFORMATION_FORMAT = "dwarf-with-dsym";
				ENABLE_NS_ASSERTIONS = NO;
				ENABLE_STRICT_OBJC_MSGSEND = YES;
				GCC_C_LANGUAGE_STANDARD = gnu11;
				GCC_NO_COMMON_BLOCKS = YES;
				GCC_WARN_64_TO_32_BIT_CONVERSION = YES;
				GCC_WARN_ABOUT_RETURN_TYPE = YES_ERROR;
				GCC_WARN_UNDECLARED_SELECTOR = YES;
				GCC_WARN_UNINITIALIZED_AUTOS = YES_AGGRESSIVE;
				GCC_WARN_UNUSED_FUNCTION = YES;
				GCC_WARN_UNUSED_VARIABLE = YES;
				IPHONEOS_DEPLOYMENT_TARGET = 13.2;
				MTL_ENABLE_DEBUG_INFO = NO;
				MTL_FAST_MATH = YES;
				SDKROOT = iphoneos;
				SWIFT_COMPILATION_MODE = wholemodule;
				SWIFT_OPTIMIZATION_LEVEL = "-O";
				VALIDATE_PRODUCT = YES;
			};
			name = Release;
		};
		D0FAEFD8245EF62800588774 /* Debug */ = {
			isa = XCBuildConfiguration;
			buildSettings = {
				ASSETCATALOG_COMPILER_APPICON_NAME = AppIcon;
				CODE_SIGN_STYLE = Automatic;
				DEVELOPMENT_ASSET_PATHS = "\"WorkWithJSONFiles/Preview Content\"";
				DEVELOPMENT_TEAM = 686APR3L4Q;
				ENABLE_PREVIEWS = YES;
				INFOPLIST_FILE = WorkWithJSONFiles/Info.plist;
				LD_RUNPATH_SEARCH_PATHS = (
					"$(inherited)",
					"@executable_path/Frameworks",
				);
				PRODUCT_BUNDLE_IDENTIFIER = TOMTWOS.WorkWithJSONFiles;
				PRODUCT_NAME = "$(TARGET_NAME)";
				SWIFT_VERSION = 5.0;
				TARGETED_DEVICE_FAMILY = "1,2";
			};
			name = Debug;
		};
		D0FAEFD9245EF62800588774 /* Release */ = {
			isa = XCBuildConfiguration;
			buildSettings = {
				ASSETCATALOG_COMPILER_APPICON_NAME = AppIcon;
				CODE_SIGN_STYLE = Automatic;
				DEVELOPMENT_ASSET_PATHS = "\"WorkWithJSONFiles/Preview Content\"";
				DEVELOPMENT_TEAM = 686APR3L4Q;
				ENABLE_PREVIEWS = YES;
				INFOPLIST_FILE = WorkWithJSONFiles/Info.plist;
				LD_RUNPATH_SEARCH_PATHS = (
					"$(inherited)",
					"@executable_path/Frameworks",
				);
				PRODUCT_BUNDLE_IDENTIFIER = TOMTWOS.WorkWithJSONFiles;
				PRODUCT_NAME = "$(TARGET_NAME)";
				SWIFT_VERSION = 5.0;
				TARGETED_DEVICE_FAMILY = "1,2";
			};
			name = Release;
		};
/* End XCBuildConfiguration section */

/* Begin XCConfigurationList section */
		D0FAEFBE245EF62200588774 /* Build configuration list for PBXProject "WorkWithJSONFiles" */ = {
			isa = XCConfigurationList;
			buildConfigurations = (
				D0FAEFD5245EF62800588774 /* Debug */,
				D0FAEFD6245EF62800588774 /* Release */,
			);
			defaultConfigurationIsVisible = 0;
			defaultConfigurationName = Release;
		};
		D0FAEFD7245EF62800588774 /* Build configuration list for PBXNativeTarget "WorkWithJSONFiles" */ = {
			isa = XCConfigurationList;
			buildConfigurations = (
				D0FAEFD8245EF62800588774 /* Debug */,
				D0FAEFD9245EF62800588774 /* Release */,
			);
			defaultConfigurationIsVisible = 0;
			defaultConfigurationName = Release;
		};
/* End XCConfigurationList section */
	};
	rootObject = D0FAEFBB245EF62200588774 /* Project object */;
}
