// !$*UTF8*$!
{
	archiveVersion = 1;
	classes = {
	};
	objectVersion = 50;
	objects = {

/* Begin PBXBuildFile section */
		D0BD663A245E96B30059BF9D /* AppDelegate.swift in Sources */ = {isa = PBXBuildFile; fileRef = D0BD6639245E96B30059BF9D /* AppDelegate.swift */; };
		D0BD663C245E96B30059BF9D /* SceneDelegate.swift in Sources */ = {isa = PBXBuildFile; fileRef = D0BD663B245E96B30059BF9D /* SceneDelegate.swift */; };
		D0BD663E245E96B30059BF9D /* ContentView.swift in Sources */ = {isa = PBXBuildFile; fileRef = D0BD663D245E96B30059BF9D /* ContentView.swift */; };
		D0BD6640245E96BF0059BF9D /* Assets.xcassets in Resources */ = {isa = PBXBuildFile; fileRef = D0BD663F245E96BF0059BF9D /* Assets.xcassets */; };
		D0BD6643245E96BF0059BF9D /* Preview Assets.xcassets in Resources */ = {isa = PBXBuildFile; fileRef = D0BD6642245E96BF0059BF9D /* Preview Assets.xcassets */; };
		D0BD6646245E96BF0059BF9D /* LaunchScreen.storyboard in Resources */ = {isa = PBXBuildFile; fileRef = D0BD6644245E96BF0059BF9D /* LaunchScreen.storyboard */; };
		D0BD664E245E97B00059BF9D /* DataModels.swift in Sources */ = {isa = PBXBuildFile; fileRef = D0BD664D245E97B00059BF9D /* DataModels.swift */; };
		D0BD6650245EA28B0059BF9D /* Networking.swift in Sources */ = {isa = PBXBuildFile; fileRef = D0BD664F245EA28B0059BF9D /* Networking.swift */; };
		D0BD6654245EA34C0059BF9D /* JSONConverter.swift in Sources */ = {isa = PBXBuildFile; fileRef = D0BD6653245EA34C0059BF9D /* JSONConverter.swift */; };
		D0BD6656245EA38C0059BF9D /* UserAPI.swift in Sources */ = {isa = PBXBuildFile; fileRef = D0BD6655245EA38C0059BF9D /* UserAPI.swift */; };
/* End PBXBuildFile section */

/* Begin PBXFileReference section */
		D0BD6636245E96B30059BF9D /* TodayInHistory.app */ = {isa = PBXFileReference; explicitFileType = wrapper.application; includeInIndex = 0; path = TodayInHistory.app; sourceTree = BUILT_PRODUCTS_DIR; };
		D0BD6639245E96B30059BF9D /* AppDelegate.swift */ = {isa = PBXFileReference; lastKnownFileType = sourcecode.swift; path = AppDelegate.swift; sourceTree = "<group>"; };
		D0BD663B245E96B30059BF9D /* SceneDelegate.swift */ = {isa = PBXFileReference; lastKnownFileType = sourcecode.swift; path = SceneDelegate.swift; sourceTree = "<group>"; };
		D0BD663D245E96B30059BF9D /* ContentView.swift */ = {isa = PBXFileReference; lastKnownFileType = sourcecode.swift; path = ContentView.swift; sourceTree = "<group>"; };
		D0BD663F245E96BF0059BF9D /* Assets.xcassets */ = {isa = PBXFileReference; lastKnownFileType = folder.assetcatalog; path = Assets.xcassets; sourceTree = "<group>"; };
		D0BD6642245E96BF0059BF9D /* Preview Assets.xcassets */ = {isa = PBXFileReference; lastKnownFileType = folder.assetcatalog; path = "Preview Assets.xcassets"; sourceTree = "<group>"; };
		D0BD6645245E96BF0059BF9D /* Base */ = {isa = PBXFileReference; lastKnownFileType = file.storyboard; name = Base; path = Base.lproj/LaunchScreen.storyboard; sourceTree = "<group>"; };
		D0BD6647245E96BF0059BF9D /* Info.plist */ = {isa = PBXFileReference; lastKnownFileType = text.plist.xml; path = Info.plist; sourceTree = "<group>"; };
		D0BD664D245E97B00059BF9D /* DataModels.swift */ = {isa = PBXFileReference; lastKnownFileType = sourcecode.swift; path = DataModels.swift; sourceTree = "<group>"; };
		D0BD664F245EA28B0059BF9D /* Networking.swift */ = {isa = PBXFileReference; lastKnownFileType = sourcecode.swift; path = Networking.swift; sourceTree = "<group>"; };
		D0BD6653245EA34C0059BF9D /* JSONConverter.swift */ = {isa = PBXFileReference; lastKnownFileType = sourcecode.swift; path = JSONConverter.swift; sourceTree = "<group>"; };
		D0BD6655245EA38C0059BF9D /* UserAPI.swift */ = {isa = PBXFileReference; lastKnownFileType = sourcecode.swift; path = UserAPI.swift; sourceTree = "<group>"; };
/* End PBXFileReference section */

/* Begin PBXFrameworksBuildPhase section */
		D0BD6633245E96B30059BF9D /* Frameworks */ = {
			isa = PBXFrameworksBuildPhase;
			buildActionMask = 2147483647;
			files = (
			);
			runOnlyForDeploymentPostprocessing = 0;
		};
/* End PBXFrameworksBuildPhase section */

/* Begin PBXGroup section */
		D0BD662D245E96B30059BF9D = {
			isa = PBXGroup;
			children = (
				D0BD6638245E96B30059BF9D /* TodayInHistory */,
				D0BD6637245E96B30059BF9D /* Products */,
			);
			sourceTree = "<group>";
		};
		D0BD6637245E96B30059BF9D /* Products */ = {
			isa = PBXGroup;
			children = (
				D0BD6636245E96B30059BF9D /* TodayInHistory.app */,
			);
			name = Products;
			sourceTree = "<group>";
		};
		D0BD6638245E96B30059BF9D /* TodayInHistory */ = {
			isa = PBXGroup;
			children = (
				D0BD6639245E96B30059BF9D /* AppDelegate.swift */,
				D0BD663B245E96B30059BF9D /* SceneDelegate.swift */,
				D0BD663D245E96B30059BF9D /* ContentView.swift */,
				D0BD664D245E97B00059BF9D /* DataModels.swift */,
				D0BD664F245EA28B0059BF9D /* Networking.swift */,
				D0BD6653245EA34C0059BF9D /* JSONConverter.swift */,
				D0BD6655245EA38C0059BF9D /* UserAPI.swift */,
				D0BD663F245E96BF0059BF9D /* Assets.xcassets */,
				D0BD6644245E96BF0059BF9D /* LaunchScreen.storyboard */,
				D0BD6647245E96BF0059BF9D /* Info.plist */,
				D0BD6641245E96BF0059BF9D /* Preview Content */,
			);
			path = TodayInHistory;
			sourceTree = "<group>";
		};
		D0BD6641245E96BF0059BF9D /* Preview Content */ = {
			isa = PBXGroup;
			children = (
				D0BD6642245E96BF0059BF9D /* Preview Assets.xcassets */,
			);
			path = "Preview Content";
			sourceTree = "<group>";
		};
/* End PBXGroup section */

/* Begin PBXNativeTarget section */
		D0BD6635245E96B30059BF9D /* TodayInHistory */ = {
			isa = PBXNativeTarget;
			buildConfigurationList = D0BD664A245E96BF0059BF9D /* Build configuration list for PBXNativeTarget "TodayInHistory" */;
			buildPhases = (
				D0BD6632245E96B30059BF9D /* Sources */,
				D0BD6633245E96B30059BF9D /* Frameworks */,
				D0BD6634245E96B30059BF9D /* Resources */,
			);
			buildRules = (
			);
			dependencies = (
			);
			name = TodayInHistory;
			productName = TodayInHistory;
			productReference = D0BD6636245E96B30059BF9D /* TodayInHistory.app */;
			productType = "com.apple.product-type.application";
		};
/* End PBXNativeTarget section */

/* Begin PBXProject section */
		D0BD662E245E96B30059BF9D /* Project object */ = {
			isa = PBXProject;
			attributes = {
				LastSwiftUpdateCheck = 1120;
				LastUpgradeCheck = 1120;
				ORGANIZATIONNAME = Tom;
				TargetAttributes = {
					D0BD6635245E96B30059BF9D = {
						CreatedOnToolsVersion = 11.2.1;
					};
				};
			};
			buildConfigurationList = D0BD6631245E96B30059BF9D /* Build configuration list for PBXProject "TodayInHistory" */;
			compatibilityVersion = "Xcode 9.3";
			developmentRegion = en;
			hasScannedForEncodings = 0;
			knownRegions = (
				en,
				Base,
			);
			mainGroup = D0BD662D245E96B30059BF9D;
			productRefGroup = D0BD6637245E96B30059BF9D /* Products */;
			projectDirPath = "";
			projectRoot = "";
			targets = (
				D0BD6635245E96B30059BF9D /* TodayInHistory */,
			);
		};
/* End PBXProject section */

/* Begin PBXResourcesBuildPhase section */
		D0BD6634245E96B30059BF9D /* Resources */ = {
			isa = PBXResourcesBuildPhase;
			buildActionMask = 2147483647;
			files = (
				D0BD6646245E96BF0059BF9D /* LaunchScreen.storyboard in Resources */,
				D0BD6643245E96BF0059BF9D /* Preview Assets.xcassets in Resources */,
				D0BD6640245E96BF0059BF9D /* Assets.xcassets in Resources */,
			);
			runOnlyForDeploymentPostprocessing = 0;
		};
/* End PBXResourcesBuildPhase section */

/* Begin PBXSourcesBuildPhase section */
		D0BD6632245E96B30059BF9D /* Sources */ = {
			isa = PBXSourcesBuildPhase;
			buildActionMask = 2147483647;
			files = (
				D0BD663A245E96B30059BF9D /* AppDelegate.swift in Sources */,
				D0BD6650245EA28B0059BF9D /* Networking.swift in Sources */,
				D0BD664E245E97B00059BF9D /* DataModels.swift in Sources */,
				D0BD663C245E96B30059BF9D /* SceneDelegate.swift in Sources */,
				D0BD663E245E96B30059BF9D /* ContentView.swift in Sources */,
				D0BD6654245EA34C0059BF9D /* JSONConverter.swift in Sources */,
				D0BD6656245EA38C0059BF9D /* UserAPI.swift in Sources */,
			);
			runOnlyForDeploymentPostprocessing = 0;
		};
/* End PBXSourcesBuildPhase section */

/* Begin PBXVariantGroup section */
		D0BD6644245E96BF0059BF9D /* LaunchScreen.storyboard */ = {
			isa = PBXVariantGroup;
			children = (
				D0BD6645245E96BF0059BF9D /* Base */,
			);
			name = LaunchScreen.storyboard;
			sourceTree = "<group>";
		};
/* End PBXVariantGroup section */

/* Begin XCBuildConfiguration section */
		D0BD6648245E96BF0059BF9D /* Debug */ = {
			isa = XCBuildConfiguration;
			buildSettings = {
				ALWAYS_SEARCH_USER_PATHS = NO;
				CLANG_ANALYZER_NONNULL = YES;
				CLANG_ANALYZER_NUMBER_OBJECT_CONVERSION = YES_AGGRESSIVE;
				CLANG_CXX_LANGUAGE_STANDARD = "gnu++14";
				CLANG_CXX_LIBRARY = "libc++";
				CLANG_ENABLE_MODULES = YES;
				CLANG_ENABLE_OBJC_ARC = YES;
				CLANG_ENABLE_OBJC_WEAK = YES;
				CLANG_WARN_BLOCK_CAPTURE_AUTORELEASING = YES;
				CLANG_WARN_BOOL_CONVERSION = YES;
				CLANG_WARN_COMMA = YES;
				CLANG_WARN_CONSTANT_CONVERSION = YES;
				CLANG_WARN_DEPRECATED_OBJC_IMPLEMENTATIONS = YES;
				CLANG_WARN_DIRECT_OBJC_ISA_USAGE = YES_ERROR;
				CLANG_WARN_DOCUMENTATION_COMMENTS = YES;
				CLANG_WARN_EMPTY_BODY = YES;
				CLANG_WARN_ENUM_CONVERSION = YES;
				CLANG_WARN_INFINITE_RECURSION = YES;
				CLANG_WARN_INT_CONVERSION = YES;
				CLANG_WARN_NON_LITERAL_NULL_CONVERSION = YES;
				CLANG_WARN_OBJC_IMPLICIT_RETAIN_SELF = YES;
				CLANG_WARN_OBJC_LITERAL_CONVERSION = YES;
				CLANG_WARN_OBJC_ROOT_CLASS = YES_ERROR;
				CLANG_WARN_RANGE_LOOP_ANALYSIS = YES;
				CLANG_WARN_STRICT_PROTOTYPES = YES;
				CLANG_WARN_SUSPICIOUS_MOVE = YES;
				CLANG_WARN_UNGUARDED_AVAILABILITY = YES_AGGRESSIVE;
				CLANG_WARN_UNREACHABLE_CODE = YES;
				CLANG_WARN__DUPLICATE_METHOD_MATCH = YES;
				COPY_PHASE_STRIP = NO;
				DEBUG_INFORMATION_FORMAT = dwarf;
				ENABLE_STRICT_OBJC_MSGSEND = YES;
				ENABLE_TESTABILITY = YES;
				GCC_C_LANGUAGE_STANDARD = gnu11;
				GCC_DYNAMIC_NO_PIC = NO;
				GCC_NO_COMMON_BLOCKS = YES;
				GCC_OPTIMIZATION_LEVEL = 0;
				GCC_PREPROCESSOR_DEFINITIONS = (
					"DEBUG=1",
					"$(inherited)",
				);
				GCC_WARN_64_TO_32_BIT_CONVERSION = YES;
				GCC_WARN_ABOUT_RETURN_TYPE = YES_ERROR;
				GCC_WARN_UNDECLARED_SELECTOR = YES;
				GCC_WARN_UNINITIALIZED_AUTOS = YES_AGGRESSIVE;
				GCC_WARN_UNUSED_FUNCTION = YES;
				GCC_WARN_UNUSED_VARIABLE = YES;
				IPHONEOS_DEPLOYMENT_TARGET = 13.2;
				MTL_ENABLE_DEBUG_INFO = INCLUDE_SOURCE;
				MTL_FAST_MATH = YES;
				ONLY_ACTIVE_ARCH = YES;
				SDKROOT = iphoneos;
				SWIFT_ACTIVE_COMPILATION_CONDITIONS = DEBUG;
				SWIFT_OPTIMIZATION_LEVEL = "-Onone";
			};
			name = Debug;
		};
		D0BD6649245E96BF0059BF9D /* Release */ = {
			isa = XCBuildConfiguration;
			buildSettings = {
				ALWAYS_SEARCH_USER_PATHS = NO;
				CLANG_ANALYZER_NONNULL = YES;
				CLANG_ANALYZER_NUMBER_OBJECT_CONVERSION = YES_AGGRESSIVE;
				CLANG_CXX_LANGUAGE_STANDARD = "gnu++14";
				CLANG_CXX_LIBRARY = "libc++";
				CLANG_ENABLE_MODULES = YES;
				CLANG_ENABLE_OBJC_ARC = YES;
				CLANG_ENABLE_OBJC_WEAK = YES;
				CLANG_WARN_BLOCK_CAPTURE_AUTORELEASING = YES;
				CLANG_WARN_BOOL_CONVERSION = YES;
				CLANG_WARN_COMMA = YES;
				CLANG_WARN_CONSTANT_CONVERSION = YES;
				CLANG_WARN_DEPRECATED_OBJC_IMPLEMENTATIONS = YES;
				CLANG_WARN_DIRECT_OBJC_ISA_USAGE = YES_ERROR;
				CLANG_WARN_DOCUMENTATION_COMMENTS = YES;
				CLANG_WARN_EMPTY_BODY = YES;
				CLANG_WARN_ENUM_CONVERSION = YES;
				CLANG_WARN_INFINITE_RECURSION = YES;
				CLANG_WARN_INT_CONVERSION = YES;
				CLANG_WARN_NON_LITERAL_NULL_CONVERSION = YES;
				CLANG_WARN_OBJC_IMPLICIT_RETAIN_SELF = YES;
				CLANG_WARN_OBJC_LITERAL_CONVERSION = YES;
				CLANG_WARN_OBJC_ROOT_CLASS = YES_ERROR;
				CLANG_WARN_RANGE_LOOP_ANALYSIS = YES;
				CLANG_WARN_STRICT_PROTOTYPES = YES;
				CLANG_WARN_SUSPICIOUS_MOVE = YES;
				CLANG_WARN_UNGUARDED_AVAILABILITY = YES_AGGRESSIVE;
				CLANG_WARN_UNREACHABLE_CODE = YES;
				CLANG_WARN__DUPLICATE_METHOD_MATCH = YES;
				COPY_PHASE_STRIP = NO;
				DEBUG_INFORMATION_FORMAT = "dwarf-with-dsym";
				ENABLE_NS_ASSERTIONS = NO;
				ENABLE_STRICT_OBJC_MSGSEND = YES;
				GCC_C_LANGUAGE_STANDARD = gnu11;
				GCC_NO_COMMON_BLOCKS = YES;
				GCC_WARN_64_TO_32_BIT_CONVERSION = YES;
				GCC_WARN_ABOUT_RETURN_TYPE = YES_ERROR;
				GCC_WARN_UNDECLARED_SELECTOR = YES;
				GCC_WARN_UNINITIALIZED_AUTOS = YES_AGGRESSIVE;
				GCC_WARN_UNUSED_FUNCTION = YES;
				GCC_WARN_UNUSED_VARIABLE = YES;
				IPHONEOS_DEPLOYMENT_TARGET = 13.2;
				MTL_ENABLE_DEBUG_INFO = NO;
				MTL_FAST_MATH = YES;
				SDKROOT = iphoneos;
				SWIFT_COMPILATION_MODE = wholemodule;
				SWIFT_OPTIMIZATION_LEVEL = "-O";
				VALIDATE_PRODUCT = YES;
			};
			name = Release;
		};
		D0BD664B245E96BF0059BF9D /* Debug */ = {
			isa = XCBuildConfiguration;
			buildSettings = {
				ASSETCATALOG_COMPILER_APPICON_NAME = AppIcon;
				CODE_SIGN_STYLE = Automatic;
				DEVELOPMENT_ASSET_PATHS = "\"TodayInHistory/Preview Content\"";
				DEVELOPMENT_TEAM = 686APR3L4Q;
				ENABLE_PREVIEWS = YES;
				INFOPLIST_FILE = TodayInHistory/Info.plist;
				LD_RUNPATH_SEARCH_PATHS = (
					"$(inherited)",
					"@executable_path/Frameworks",
				);
				PRODUCT_BUNDLE_IDENTIFIER = TOMTWOS.TodayInHistory;
				PRODUCT_NAME = "$(TARGET_NAME)";
				SWIFT_VERSION = 5.0;
				TARGETED_DEVICE_FAMILY = "1,2";
			};
			name = Debug;
		};
		D0BD664C245E96BF0059BF9D /* Release */ = {
			isa = XCBuildConfiguration;
			buildSettings = {
				ASSETCATALOG_COMPILER_APPICON_NAME = AppIcon;
				CODE_SIGN_STYLE = Automatic;
				DEVELOPMENT_ASSET_PATHS = "\"TodayInHistory/Preview Content\"";
				DEVELOPMENT_TEAM = 686APR3L4Q;
				ENABLE_PREVIEWS = YES;
				INFOPLIST_FILE = TodayInHistory/Info.plist;
				LD_RUNPATH_SEARCH_PATHS = (
					"$(inherited)",
					"@executable_path/Frameworks",
				);
				PRODUCT_BUNDLE_IDENTIFIER = TOMTWOS.TodayInHistory;
				PRODUCT_NAME = "$(TARGET_NAME)";
				SWIFT_VERSION = 5.0;
				TARGETED_DEVICE_FAMILY = "1,2";
			};
			name = Release;
		};
/* End XCBuildConfiguration section */

/* Begin XCConfigurationList section */
		D0BD6631245E96B30059BF9D /* Build configuration list for PBXProject "TodayInHistory" */ = {
			isa = XCConfigurationList;
			buildConfigurations = (
				D0BD6648245E96BF0059BF9D /* Debug */,
				D0BD6649245E96BF0059BF9D /* Release */,
			);
			defaultConfigurationIsVisible = 0;
			defaultConfigurationName = Release;
		};
		D0BD664A245E96BF0059BF9D /* Build configuration list for PBXNativeTarget "TodayInHistory" */ = {
			isa = XCConfigurationList;
			buildConfigurations = (
				D0BD664B245E96BF0059BF9D /* Debug */,
				D0BD664C245E96BF0059BF9D /* Release */,
			);
			defaultConfigurationIsVisible = 0;
			defaultConfigurationName = Release;
		};
/* End XCConfigurationList section */
	};
	rootObject = D0BD662E245E96B30059BF9D /* Project object */;
}
